
Microsoft Visual Studio Solution File, Format Version 12.00
# Visual Studio Version 17
VisualStudioVersion = 17.9.34728.123
MinimumVisualStudioVersion = 10.0.40219.1
Project("{9A19103F-16F7-4668-BE54-9A1E7A4F7556}") = "AuthService", "AuthService\AuthService.csproj", "{7B303C2B-5840-49CC-9139-99CB05843C80}"
EndProject
Project("{FAE04EC0-301F-11D3-BF4B-00C04F79EFBC}") = "ApiGateway", "ApiGateway\ApiGateway.csproj", "{2B8AC308-776A-4DDB-827D-B3AFF1BF988B}"
EndProject
Project("{FAE04EC0-301F-11D3-BF4B-00C04F79EFBC}") = "PersonalFinancialSystem", "PersonalFinancialSystem\PersonalFinancialSystem.csproj", "{A5EF2FED-0F64-4E2C-A8B2-BDE679313F1D}"
EndProject
Global
	GlobalSection(SolutionConfigurationPlatforms) = preSolution
		Debug|Any CPU = Debug|Any CPU
		Release|Any CPU = Release|Any CPU
	EndGlobalSection
	GlobalSection(ProjectConfigurationPlatforms) = postSolution
		{7B303C2B-5840-49CC-9139-99CB05843C80}.Debug|Any CPU.ActiveCfg = Debug|Any CPU
		{7B303C2B-5840-49CC-9139-99CB05843C80}.Debug|Any CPU.Build.0 = Debug|Any CPU
		{7B303C2B-5840-49CC-9139-99CB05843C80}.Release|Any CPU.ActiveCfg = Release|Any CPU
		{7B303C2B-5840-49CC-9139-99CB05843C80}.Release|Any CPU.Build.0 = Release|Any CPU
		{2B8AC308-776A-4DDB-827D-B3AFF1BF988B}.Debug|Any CPU.ActiveCfg = Debug|Any CPU
		{2B8AC308-776A-4DDB-827D-B3AFF1BF988B}.Debug|Any CPU.Build.0 = Debug|Any CPU
		{2B8AC308-776A-4DDB-827D-B3AFF1BF988B}.Release|Any CPU.ActiveCfg = Release|Any CPU
		{2B8AC308-776A-4DDB-827D-B3AFF1BF988B}.Release|Any CPU.Build.0 = Release|Any CPU
		{A5EF2FED-0F64-4E2C-A8B2-BDE679313F1D}.Debug|Any CPU.ActiveCfg = Debug|Any CPU
		{A5EF2FED-0F64-4E2C-A8B2-BDE679313F1D}.Debug|Any CPU.Build.0 = Debug|Any CPU
		{A5EF2FED-0F64-4E2C-A8B2-BDE679313F1D}.Release|Any CPU.ActiveCfg = Release|Any CPU
		{A5EF2FED-0F64-4E2C-A8B2-BDE679313F1D}.Release|Any CPU.Build.0 = Release|Any CPU
	EndGlobalSection
	GlobalSection(SolutionProperties) = preSolution
		HideSolutionNode = FALSE
	EndGlobalSection
	GlobalSection(ExtensibilityGlobals) = postSolution
		SolutionGuid = {8F1C7D17-F935-49B4-8943-ECD1EDD44BC4}
	EndGlobalSection
EndGlobal
